{
  "requires": true,
  "lockfileVersion": 1,
  "dependencies": {
    "resize-observer-polyfill": {
      "version": "1.5.1",
      "resolved": "https://registry.npmjs.org/resize-observer-polyfill/-/resize-observer-polyfill-1.5.1.tgz",
      "integrity": "sha512-LwZrotdHOo12nQuZlHEmtuXdqGoOD0OhaxopaNFxWzInpEgaLWoVuAMbTzixuosCx2nEG58ngzW3vxdWoxIgdg=="
    },
    "vue-js-modal": {
      "version": "2.0.0-rc.3",
      "resolved": "https://registry.npmjs.org/vue-js-modal/-/vue-js-modal-2.0.0-rc.3.tgz",
      "integrity": "sha512-Q9L9FsIUMuzCKSuB41D8LxV+Yc2q+zWHzzUdWaQ2KeHPS+78+X6AAnBztVoophbjt8UXHO7rQSRgER1MMw5qsw==",
      "requires": {
        "resize-observer-polyfill": "^1.5.1"
      }
    }
  }
}
