{
  "requires": true,
  "lockfileVersion": 1,
  "dependencies": {
    "resize-sensor": {
      "version": "0.0.6",
      "resolved": "https://registry.npmjs.org/resize-sensor/-/resize-sensor-0.0.6.tgz",
      "integrity": "sha512-e+3wwdki9elemYP6AnyG2BK9/Gd7ak46wZN+Z62WwmWfhn2La1XV2rPRRIcar+PhRhfiQDXi29TapGMTIbI3Pg=="
    },
    "sticky-sidebar": {
      "version": "git+https://github.com/abouolia/sticky-sidebar.git#bcd40bbf95e84b75916bc3535d7475447f9383f8",
      "from": "git+https://github.com/abouolia/sticky-sidebar.git#master"
    }
  }
}
